// !$*UTF8*$!
{
	archiveVersion = 1;
	classes = {
	};
	objectVersion = 46;
	objects = {

/* Begin PBXBuildFile section */
		261DBDC41B326D1D00198926 /* main.m in Sources */ = {isa = PBXBuildFile; fileRef = 261DBDC31B326D1D00198926 /* main.m */; };
		261DBDD01B326D7C00198926 /* Foo.m in Sources */ = {isa = PBXBuildFile; fileRef = 261DBDCF1B326D7C00198926 /* Foo.m */; };
		261DBDD41B326DAB00198926 /* Singleton.m in Sources */ = {isa = PBXBuildFile; fileRef = 261DBDD31B326DA600198926 /* Singleton.m */; };
/* End PBXBuildFile section */

/* Begin PBXCopyFilesBuildPhase section */
		261DBDBE1B326D1D00198926 /* CopyFiles */ = {
			isa = PBXCopyFilesBuildPhase;
			buildActionMask = 2147483647;
			dstPath = /usr/share/man/man1/;
			dstSubfolderSpec = 0;
			files = (
			);
			runOnlyForDeploymentPostprocessing = 1;
		};
/* End PBXCopyFilesBuildPhase section */

/* Begin PBXFileReference section */
		261DBDC01B326D1D00198926 /* Singleton */ = {isa = PBXFileReference; explicitFileType = "compiled.mach-o.executable"; includeInIndex = 0; path = Singleton; sourceTree = BUILT_PRODUCTS_DIR; };
		261DBDC31B326D1D00198926 /* main.m */ = {isa = PBXFileReference; lastKnownFileType = sourcecode.c.objc; path = main.m; sourceTree = "<group>"; };
		261DBDCE1B326D7C00198926 /* Foo.h */ = {isa = PBXFileReference; fileEncoding = 4; lastKnownFileType = sourcecode.c.h; path = Foo.h; sourceTree = "<group>"; };
		261DBDCF1B326D7C00198926 /* Foo.m */ = {isa = PBXFileReference; fileEncoding = 4; lastKnownFileType = sourcecode.c.objc; path = Foo.m; sourceTree = "<group>"; };
		261DBDD21B326DA600198926 /* Singleton.h */ = {isa = PBXFileReference; lastKnownFileType = sourcecode.c.h; path = Singleton.h; sourceTree = "<group>"; };
		261DBDD31B326DA600198926 /* Singleton.m */ = {isa = PBXFileReference; lastKnownFileType = sourcecode.c.objc; path = Singleton.m; sourceTree = "<group>"; };
/* End PBXFileReference section */

/* Begin PBXFrameworksBuildPhase section */
		261DBDBD1B326D1D00198926 /* Frameworks */ = {
			isa = PBXFrameworksBuildPhase;
			buildActionMask = 2147483647;
			files = (
			);
			runOnlyForDeploymentPostprocessing = 0;
		};
/* End PBXFrameworksBuildPhase section */

/* Begin PBXGroup section */
		261DBDB71B326D1D00198926 = {
			isa = PBXGroup;
			children = (
				261DBDC21B326D1D00198926 /* Singleton */,
				261DBDC11B326D1D00198926 /* Products */,
			);
			sourceTree = "<group>";
		};
		261DBDC11B326D1D00198926 /* Products */ = {
			isa = PBXGroup;
			children = (
				261DBDC01B326D1D00198926 /* Singleton */,
			);
			name = Products;
			sourceTree = "<group>";
		};
		261DBDC21B326D1D00198926 /* Singleton */ = {
			isa = PBXGroup;
			children = (
				261DBDD11B326DA600198926 /* Singleton */,
				261DBDCD1B326D5F00198926 /* Foo */,
				261DBDC31B326D1D00198926 /* main.m */,
			);
			path = Singleton;
			sourceTree = "<group>";
		};
		261DBDCD1B326D5F00198926 /* Foo */ = {
			isa = PBXGroup;
			children = (
				261DBDCE1B326D7C00198926 /* Foo.h */,
				261DBDCF1B326D7C00198926 /* Foo.m */,
			);
			name = Foo;
			sourceTree = "<group>";
		};
		261DBDD11B326DA600198926 /* Singleton */ = {
			isa = PBXGroup;
			children = (
				261DBDD21B326DA600198926 /* Singleton.h */,
				261DBDD31B326DA600198926 /* Singleton.m */,
			);
			path = Singleton;
			sourceTree = "<group>";
		};
/* End PBXGroup section */

/* Begin PBXNativeTarget section */
		261DBDBF1B326D1D00198926 /* Singleton */ = {
			isa = PBXNativeTarget;
			buildConfigurationList = 261DBDC71B326D1D00198926 /* Build configuration list for PBXNativeTarget "Singleton" */;
			buildPhases = (
				261DBDBC1B326D1D00198926 /* Sources */,
				261DBDBD1B326D1D00198926 /* Frameworks */,
				261DBDBE1B326D1D00198926 /* CopyFiles */,
			);
			buildRules = (
			);
			dependencies = (
			);
			name = Singleton;
			productName = Singleton;
			productReference = 261DBDC01B326D1D00198926 /* Singleton */;
			productType = "com.apple.product-type.tool";
		};
/* End PBXNativeTarget section */

/* Begin PBXProject section */
		261DBDB81B326D1D00198926 /* Project object */ = {
			isa = PBXProject;
			attributes = {
				LastUpgradeCheck = 0630;
				ORGANIZATIONNAME = Tina;
				TargetAttributes = {
					261DBDBF1B326D1D00198926 = {
						CreatedOnToolsVersion = 6.3.2;
					};
				};
			};
			buildConfigurationList = 261DBDBB1B326D1D00198926 /* Build configuration list for PBXProject "Singleton" */;
			compatibilityVersion = "Xcode 3.2";
			developmentRegion = English;
			hasScannedForEncodings = 0;
			knownRegions = (
				en,
			);
			mainGroup = 261DBDB71B326D1D00198926;
			productRefGroup = 261DBDC11B326D1D00198926 /* Products */;
			projectDirPath = "";
			projectRoot = "";
			targets = (
				261DBDBF1B326D1D00198926 /* Singleton */,
			);
		};
/* End PBXProject section */

/* Begin PBXSourcesBuildPhase section */
		261DBDBC1B326D1D00198926 /* Sources */ = {
			isa = PBXSourcesBuildPhase;
			buildActionMask = 2147483647;
			files = (
				261DBDD41B326DAB00198926 /* Singleton.m in Sources */,
				261DBDD01B326D7C00198926 /* Foo.m in Sources */,
				261DBDC41B326D1D00198926 /* main.m in Sources */,
			);
			runOnlyForDeploymentPostprocessing = 0;
		};
/* End PBXSourcesBuildPhase section */

/* Begin XCBuildConfiguration section */
		261DBDC51B326D1D00198926 /* Debug */ = {
			isa = XCBuildConfiguration;
			buildSettings = {
				ALWAYS_SEARCH_USER_PATHS = NO;
				CLANG_CXX_LANGUAGE_STANDARD = "gnu++0x";
				CLANG_CXX_LIBRARY = "libc++";
				CLANG_ENABLE_MODULES = YES;
				CLANG_ENABLE_OBJC_ARC = YES;
				CLANG_WARN_BOOL_CONVERSION = YES;
				CLANG_WARN_CONSTANT_CONVERSION = YES;
				CLANG_WARN_DIRECT_OBJC_ISA_USAGE = YES_ERROR;
				CLANG_WARN_EMPTY_BODY = YES;
				CLANG_WARN_ENUM_CONVERSION = YES;
				CLANG_WARN_INT_CONVERSION = YES;
				CLANG_WARN_OBJC_ROOT_CLASS = YES_ERROR;
				CLANG_WARN_UNREACHABLE_CODE = YES;
				CLANG_WARN__DUPLICATE_METHOD_MATCH = YES;
				COPY_PHASE_STRIP = NO;
				DEBUG_INFORMATION_FORMAT = dwarf;
				ENABLE_STRICT_OBJC_MSGSEND = YES;
				GCC_C_LANGUAGE_STANDARD = gnu99;
				GCC_DYNAMIC_NO_PIC = NO;
				GCC_NO_COMMON_BLOCKS = YES;
				GCC_OPTIMIZATION_LEVEL = 0;
				GCC_PREPROCESSOR_DEFINITIONS = (
					"DEBUG=1",
					"$(inherited)",
				);
				GCC_SYMBOLS_PRIVATE_EXTERN = NO;
				GCC_WARN_64_TO_32_BIT_CONVERSION = YES;
				GCC_WARN_ABOUT_RETURN_TYPE = YES_ERROR;
				GCC_WARN_UNDECLARED_SELECTOR = YES;
				GCC_WARN_UNINITIALIZED_AUTOS = YES_AGGRESSIVE;
				GCC_WARN_UNUSED_FUNCTION = YES;
				GCC_WARN_UNUSED_VARIABLE = YES;
				MACOSX_DEPLOYMENT_TARGET = 10.10;
				MTL_ENABLE_DEBUG_INFO = YES;
				ONLY_ACTIVE_ARCH = YES;
				SDKROOT = macosx;
			};
			name = Debug;
		};
		261DBDC61B326D1D00198926 /* Release */ = {
			isa = XCBuildConfiguration;
			buildSettings = {
				ALWAYS_SEARCH_USER_PATHS = NO;
				CLANG_CXX_LANGUAGE_STANDARD = "gnu++0x";
				CLANG_CXX_LIBRARY = "libc++";
				CLANG_ENABLE_MODULES = YES;
				CLANG_ENABLE_OBJC_ARC = YES;
				CLANG_WARN_BOOL_CONVERSION = YES;
				CLANG_WARN_CONSTANT_CONVERSION = YES;
				CLANG_WARN_DIRECT_OBJC_ISA_USAGE = YES_ERROR;
				CLANG_WARN_EMPTY_BODY = YES;
				CLANG_WARN_ENUM_CONVERSION = YES;
				CLANG_WARN_INT_CONVERSION = YES;
				CLANG_WARN_OBJC_ROOT_CLASS = YES_ERROR;
				CLANG_WARN_UNREACHABLE_CODE = YES;
				CLANG_WARN__DUPLICATE_METHOD_MATCH = YES;
				COPY_PHASE_STRIP = NO;
				DEBUG_INFORMATION_FORMAT = "dwarf-with-dsym";
				ENABLE_NS_ASSERTIONS = NO;
				ENABLE_STRICT_OBJC_MSGSEND = YES;
				GCC_C_LANGUAGE_STANDARD = gnu99;
				GCC_NO_COMMON_BLOCKS = YES;
				GCC_WARN_64_TO_32_BIT_CONVERSION = YES;
				GCC_WARN_ABOUT_RETURN_TYPE = YES_ERROR;
				GCC_WARN_UNDECLARED_SELECTOR = YES;
				GCC_WARN_UNINITIALIZED_AUTOS = YES_AGGRESSIVE;
				GCC_WARN_UNUSED_FUNCTION = YES;
				GCC_WARN_UNUSED_VARIABLE = YES;
				MACOSX_DEPLOYMENT_TARGET = 10.10;
				MTL_ENABLE_DEBUG_INFO = NO;
				SDKROOT = macosx;
			};
			name = Release;
		};
		261DBDC81B326D1D00198926 /* Debug */ = {
			isa = XCBuildConfiguration;
			buildSettings = {
				PRODUCT_NAME = "$(TARGET_NAME)";
			};
			name = Debug;
		};
		261DBDC91B326D1D00198926 /* Release */ = {
			isa = XCBuildConfiguration;
			buildSettings = {
				PRODUCT_NAME = "$(TARGET_NAME)";
			};
			name = Release;
		};
/* End XCBuildConfiguration section */

/* Begin XCConfigurationList section */
		261DBDBB1B326D1D00198926 /* Build configuration list for PBXProject "Singleton" */ = {
			isa = XCConfigurationList;
			buildConfigurations = (
				261DBDC51B326D1D00198926 /* Debug */,
				261DBDC61B326D1D00198926 /* Release */,
			);
			defaultConfigurationIsVisible = 0;
			defaultConfigurationName = Release;
		};
		261DBDC71B326D1D00198926 /* Build configuration list for PBXNativeTarget "Singleton" */ = {
			isa = XCConfigurationList;
			buildConfigurations = (
				261DBDC81B326D1D00198926 /* Debug */,
				261DBDC91B326D1D00198926 /* Release */,
			);
			defaultConfigurationIsVisible = 0;
			defaultConfigurationName = Release;
		};
/* End XCConfigurationList section */
	};
	rootObject = 261DBDB81B326D1D00198926 /* Project object */;
}
